
Microsoft Visual Studio Solution File, Format Version 12.00
# Visual Studio Version 16
VisualStudioVersion = 16.0.33130.400
MinimumVisualStudioVersion = 10.0.40219.1
Project("{FAE04EC0-301F-11D3-BF4B-00C04F79EFBC}") = "Calculator", "Calculator\Calculator.csproj", "{DD283359-15BB-4F31-90F9-DDCA1CFAC01C}"
EndProject
Global
	GlobalSection(SolutionConfigurationPlatforms) = preSolution
		Debug|Any CPU = Debug|Any CPU
		Release|Any CPU = Release|Any CPU
	EndGlobalSection
	GlobalSection(ProjectConfigurationPlatforms) = postSolution
		{DD283359-15BB-4F31-90F9-DDCA1CFAC01C}.Debug|Any CPU.ActiveCfg = Debug|Any CPU
		{DD283359-15BB-4F31-90F9-DDCA1CFAC01C}.Debug|Any CPU.Build.0 = Debug|Any CPU
		{DD283359-15BB-4F31-90F9-DDCA1CFAC01C}.Release|Any CPU.ActiveCfg = Release|Any CPU
		{DD283359-15BB-4F31-90F9-DDCA1CFAC01C}.Release|Any CPU.Build.0 = Release|Any CPU
	EndGlobalSection
	GlobalSection(SolutionProperties) = preSolution
		HideSolutionNode = FALSE
	EndGlobalSection
	GlobalSection(ExtensibilityGlobals) = postSolution
		SolutionGuid = {090BF48E-8BC2-44F8-9F10-64D2633F6771}
	EndGlobalSection
EndGlobal
